
Microsoft Visual Studio Solution File, Format Version 12.00
# Visual Studio Version 16
VisualStudioVersion = 16.0.31729.503
MinimumVisualStudioVersion = 10.0.40219.1
Project("{8BC9CEB8-8B4A-11D0-8D11-00A0C91BC942}") = "Zad3_3", "Zad3_3.vcxproj", "{F50FD8A6-FA00-434A-BF0E-6D733243B35A}"
EndProject
Global
	GlobalSection(SolutionConfigurationPlatforms) = preSolution
		Debug|x64 = Debug|x64
		Debug|x86 = Debug|x86
		Release|x64 = Release|x64
		Release|x86 = Release|x86
	EndGlobalSection
	GlobalSection(ProjectConfigurationPlatforms) = postSolution
		{F50FD8A6-FA00-434A-BF0E-6D733243B35A}.Debug|x64.ActiveCfg = Debug|x64
		{F50FD8A6-FA00-434A-BF0E-6D733243B35A}.Debug|x64.Build.0 = Debug|x64
		{F50FD8A6-FA00-434A-BF0E-6D733243B35A}.Debug|x86.ActiveCfg = Debug|Win32
		{F50FD8A6-FA00-434A-BF0E-6D733243B35A}.Debug|x86.Build.0 = Debug|Win32
		{F50FD8A6-FA00-434A-BF0E-6D733243B35A}.Release|x64.ActiveCfg = Release|x64
		{F50FD8A6-FA00-434A-BF0E-6D733243B35A}.Release|x64.Build.0 = Release|x64
		{F50FD8A6-FA00-434A-BF0E-6D733243B35A}.Release|x86.ActiveCfg = Release|Win32
		{F50FD8A6-FA00-434A-BF0E-6D733243B35A}.Release|x86.Build.0 = Release|Win32
	EndGlobalSection
	GlobalSection(SolutionProperties) = preSolution
		HideSolutionNode = FALSE
	EndGlobalSection
	GlobalSection(ExtensibilityGlobals) = postSolution
		SolutionGuid = {5B76AEF6-AFD5-4044-B8FE-3E8E7FA191CF}
	EndGlobalSection
EndGlobal
